
Microsoft Visual Studio Solution File, Format Version 12.00
Project("{FAE04EC0-301F-11D3-BF4B-00C04F79EFBC}") = "StoreERP", "StoreERP\StoreERP\StoreERP.csproj", "{AD23B50C-89B1-46D8-8FEF-0EBAD5D334FE}"
EndProject
Project("{FAE04EC0-301F-11D3-BF4B-00C04F79EFBC}") = "StoreERP.Client", "StoreERP\StoreERP.Client\StoreERP.Client.csproj", "{28261FD4-FC30-45D3-B3E3-1F096F91BDA6}"
EndProject
Global
	GlobalSection(SolutionConfigurationPlatforms) = preSolution
		Debug|Any CPU = Debug|Any CPU
		Release|Any CPU = Release|Any CPU
	EndGlobalSection
	GlobalSection(ProjectConfigurationPlatforms) = postSolution
		{AD23B50C-89B1-46D8-8FEF-0EBAD5D334FE}.Debug|Any CPU.ActiveCfg = Debug|Any CPU
		{AD23B50C-89B1-46D8-8FEF-0EBAD5D334FE}.Debug|Any CPU.Build.0 = Debug|Any CPU
		{AD23B50C-89B1-46D8-8FEF-0EBAD5D334FE}.Release|Any CPU.ActiveCfg = Release|Any CPU
		{AD23B50C-89B1-46D8-8FEF-0EBAD5D334FE}.Release|Any CPU.Build.0 = Release|Any CPU
		{28261FD4-FC30-45D3-B3E3-1F096F91BDA6}.Debug|Any CPU.ActiveCfg = Debug|Any CPU
		{28261FD4-FC30-45D3-B3E3-1F096F91BDA6}.Debug|Any CPU.Build.0 = Debug|Any CPU
		{28261FD4-FC30-45D3-B3E3-1F096F91BDA6}.Release|Any CPU.ActiveCfg = Release|Any CPU
		{28261FD4-FC30-45D3-B3E3-1F096F91BDA6}.Release|Any CPU.Build.0 = Release|Any CPU
	EndGlobalSection
EndGlobal
